
Microsoft Visual Studio Solution File, Format Version 12.00
# Visual Studio Version 17
VisualStudioVersion = 17.10.34902.84
MinimumVisualStudioVersion = 10.0.40219.1
Project("{FAE04EC0-301F-11D3-BF4B-00C04F79EFBC}") = "HNG_Task_One", "HNG_Task_One.csproj", "{3AA0AC3D-7407-4F73-8A82-8275A3A43B32}"
EndProject
Global
	GlobalSection(SolutionConfigurationPlatforms) = preSolution
		Debug|Any CPU = Debug|Any CPU
		Release|Any CPU = Release|Any CPU
	EndGlobalSection
	GlobalSection(ProjectConfigurationPlatforms) = postSolution
		{3AA0AC3D-7407-4F73-8A82-8275A3A43B32}.Debug|Any CPU.ActiveCfg = Debug|Any CPU
		{3AA0AC3D-7407-4F73-8A82-8275A3A43B32}.Debug|Any CPU.Build.0 = Debug|Any CPU
		{3AA0AC3D-7407-4F73-8A82-8275A3A43B32}.Release|Any CPU.ActiveCfg = Release|Any CPU
		{3AA0AC3D-7407-4F73-8A82-8275A3A43B32}.Release|Any CPU.Build.0 = Release|Any CPU
	EndGlobalSection
	GlobalSection(SolutionProperties) = preSolution
		HideSolutionNode = FALSE
	EndGlobalSection
	GlobalSection(ExtensibilityGlobals) = postSolution
		SolutionGuid = {FB6A70DB-5601-4EC9-9878-3D7B5F64688E}
	EndGlobalSection
EndGlobal
